
Microsoft Visual Studio Solution File, Format Version 11.00
# Visual Studio 2010
Project("{FAE04EC0-301F-11D3-BF4B-00C04F79EFBC}") = "DAL", "DAL\DAL.csproj", "{D3D19693-A264-473E-9D1E-2BF35E38DE5A}"
EndProject
Project("{FAE04EC0-301F-11D3-BF4B-00C04F79EFBC}") = "BLL", "BLL\BLL.csproj", "{1F00EC1F-41FA-4CEB-86B2-001863A86EA6}"
EndProject
Project("{FAE04EC0-301F-11D3-BF4B-00C04F79EFBC}") = "Model", "Model\Model.csproj", "{B3D669AD-ECAD-4B9F-8967-7CC73D62BB57}"
EndProject
Project("{FAE04EC0-301F-11D3-BF4B-00C04F79EFBC}") = "VideoPlay", "VideoPlay\VideoPlay.csproj", "{41A34F32-1555-4C4C-A511-A19D75BE6C44}"
EndProject
Global
	GlobalSection(SubversionScc) = preSolution
		Svn-Managed = True
		Manager = AnkhSVN - Subversion Support for Visual Studio
	EndGlobalSection
	GlobalSection(SolutionConfigurationPlatforms) = preSolution
		Debug|Any CPU = Debug|Any CPU
		Release|Any CPU = Release|Any CPU
	EndGlobalSection
	GlobalSection(ProjectConfigurationPlatforms) = postSolution
		{D3D19693-A264-473E-9D1E-2BF35E38DE5A}.Debug|Any CPU.ActiveCfg = Debug|Any CPU
		{D3D19693-A264-473E-9D1E-2BF35E38DE5A}.Debug|Any CPU.Build.0 = Debug|Any CPU
		{D3D19693-A264-473E-9D1E-2BF35E38DE5A}.Release|Any CPU.ActiveCfg = Release|Any CPU
		{D3D19693-A264-473E-9D1E-2BF35E38DE5A}.Release|Any CPU.Build.0 = Release|Any CPU
		{1F00EC1F-41FA-4CEB-86B2-001863A86EA6}.Debug|Any CPU.ActiveCfg = Debug|Any CPU
		{1F00EC1F-41FA-4CEB-86B2-001863A86EA6}.Debug|Any CPU.Build.0 = Debug|Any CPU
		{1F00EC1F-41FA-4CEB-86B2-001863A86EA6}.Release|Any CPU.ActiveCfg = Release|Any CPU
		{1F00EC1F-41FA-4CEB-86B2-001863A86EA6}.Release|Any CPU.Build.0 = Release|Any CPU
		{B3D669AD-ECAD-4B9F-8967-7CC73D62BB57}.Debug|Any CPU.ActiveCfg = Debug|Any CPU
		{B3D669AD-ECAD-4B9F-8967-7CC73D62BB57}.Debug|Any CPU.Build.0 = Debug|Any CPU
		{B3D669AD-ECAD-4B9F-8967-7CC73D62BB57}.Release|Any CPU.ActiveCfg = Release|Any CPU
		{B3D669AD-ECAD-4B9F-8967-7CC73D62BB57}.Release|Any CPU.Build.0 = Release|Any CPU
		{41A34F32-1555-4C4C-A511-A19D75BE6C44}.Debug|Any CPU.ActiveCfg = Debug|Any CPU
		{41A34F32-1555-4C4C-A511-A19D75BE6C44}.Debug|Any CPU.Build.0 = Debug|Any CPU
		{41A34F32-1555-4C4C-A511-A19D75BE6C44}.Release|Any CPU.ActiveCfg = Release|Any CPU
		{41A34F32-1555-4C4C-A511-A19D75BE6C44}.Release|Any CPU.Build.0 = Release|Any CPU
	EndGlobalSection
	GlobalSection(SolutionProperties) = preSolution
		HideSolutionNode = FALSE
	EndGlobalSection
EndGlobal
